
Microsoft Visual Studio Solution File, Format Version 12.00
# Visual Studio Version 16
VisualStudioVersion = 16.0.31515.178
MinimumVisualStudioVersion = 10.0.40219.1
Project("{9A19103F-16F7-4668-BE54-9A1E7A4F7556}") = "LinkoDB", "LinkoDB.csproj", "{8827B68F-EE56-4FAA-9FB9-2E37FA57A53A}"
EndProject
Global
	GlobalSection(SolutionConfigurationPlatforms) = preSolution
		Debug|Any CPU = Debug|Any CPU
		Release|Any CPU = Release|Any CPU
	EndGlobalSection
	GlobalSection(ProjectConfigurationPlatforms) = postSolution
		{8827B68F-EE56-4FAA-9FB9-2E37FA57A53A}.Debug|Any CPU.ActiveCfg = Debug|Any CPU
		{8827B68F-EE56-4FAA-9FB9-2E37FA57A53A}.Debug|Any CPU.Build.0 = Debug|Any CPU
		{8827B68F-EE56-4FAA-9FB9-2E37FA57A53A}.Release|Any CPU.ActiveCfg = Release|Any CPU
		{8827B68F-EE56-4FAA-9FB9-2E37FA57A53A}.Release|Any CPU.Build.0 = Release|Any CPU
	EndGlobalSection
	GlobalSection(SolutionProperties) = preSolution
		HideSolutionNode = FALSE
	EndGlobalSection
	GlobalSection(ExtensibilityGlobals) = postSolution
		SolutionGuid = {A91D4A69-90B4-41D6-97EB-8306416753E0}
	EndGlobalSection
EndGlobal
